
Microsoft Visual Studio Solution File, Format Version 12.00
# Visual Studio Version 17
VisualStudioVersion = 17.7.34221.43
MinimumVisualStudioVersion = 10.0.40219.1
Project("{FAE04EC0-301F-11D3-BF4B-00C04F79EFBC}") = "Bilalfazul", "Bilalfazul\Bilalfazul.csproj", "{5447E39E-6061-492A-B2BB-F504FD2793BE}"
EndProject
Global
	GlobalSection(SolutionConfigurationPlatforms) = preSolution
		Debug|Any CPU = Debug|Any CPU
		Release|Any CPU = Release|Any CPU
	EndGlobalSection
	GlobalSection(ProjectConfigurationPlatforms) = postSolution
		{5447E39E-6061-492A-B2BB-F504FD2793BE}.Debug|Any CPU.ActiveCfg = Debug|Any CPU
		{5447E39E-6061-492A-B2BB-F504FD2793BE}.Debug|Any CPU.Build.0 = Debug|Any CPU
		{5447E39E-6061-492A-B2BB-F504FD2793BE}.Release|Any CPU.ActiveCfg = Release|Any CPU
		{5447E39E-6061-492A-B2BB-F504FD2793BE}.Release|Any CPU.Build.0 = Release|Any CPU
	EndGlobalSection
	GlobalSection(SolutionProperties) = preSolution
		HideSolutionNode = FALSE
	EndGlobalSection
	GlobalSection(ExtensibilityGlobals) = postSolution
		SolutionGuid = {C1F775BE-1E28-40CD-B10D-4621A44C7D80}
	EndGlobalSection
EndGlobal
